
Microsoft Visual Studio Solution File, Format Version 12.00
# Visual Studio Version 16
VisualStudioVersion = 16.0.36422.26
MinimumVisualStudioVersion = 10.0.40219.1
Project("{FAE04EC0-301F-11D3-BF4B-00C04F79EFBC}") = "Reportes", "Reportes\Reportes.csproj", "{C8AF8A2D-A8FE-4645-AACC-DBDD33E1C347}"
EndProject
Global
	GlobalSection(SolutionConfigurationPlatforms) = preSolution
		Debug|Any CPU = Debug|Any CPU
		Release|Any CPU = Release|Any CPU
	EndGlobalSection
	GlobalSection(ProjectConfigurationPlatforms) = postSolution
		{C8AF8A2D-A8FE-4645-AACC-DBDD33E1C347}.Debug|Any CPU.ActiveCfg = Debug|Any CPU
		{C8AF8A2D-A8FE-4645-AACC-DBDD33E1C347}.Debug|Any CPU.Build.0 = Debug|Any CPU
		{C8AF8A2D-A8FE-4645-AACC-DBDD33E1C347}.Release|Any CPU.ActiveCfg = Release|Any CPU
		{C8AF8A2D-A8FE-4645-AACC-DBDD33E1C347}.Release|Any CPU.Build.0 = Release|Any CPU
	EndGlobalSection
	GlobalSection(SolutionProperties) = preSolution
		HideSolutionNode = FALSE
	EndGlobalSection
	GlobalSection(ExtensibilityGlobals) = postSolution
		SolutionGuid = {45614E25-9E96-4FE1-A3BA-7674BDFEDD5C}
	EndGlobalSection
EndGlobal
